{
  "name": "@omegion1npm/repudiandae-cupiditate-quibusdam-quis",
  "version": "1.0.0",
  "lockfileVersion": 3,
  "requires": true,
  "packages": {
    "": {
      "name": "@omegion1npm/repudiandae-cupiditate-quibusdam-quis",
      "version": "1.0.0",
      "license": "MIT",
      "dependencies": {
        "@omegion1npm/ab-consequuntur-illum-architecto": "^1.0.0",
        "@omegion1npm/eligendi-harum-porro-numquam": "^1.0.0",
        "@omegion1npm/eveniet-temporibus-dignissimos-temporibus": "^1.0.0",
        "@omegion1npm/facere-ullam-excepturi-facilis": "^1.0.0",
        "@omegion1npm/nemo-tempore-cum-voluptas": "^1.0.0",
        "@omegion1npm/odit-enim-cum-aliquid": "^1.0.0"
      }
    },
    "node_modules/@omegion1npm/ab-consequuntur-illum-architecto": {
      "version": "1.0.0",
      "resolved": "https://registry.npmjs.org/@omegion1npm/ab-consequuntur-illum-architecto/-/ab-consequuntur-illum-architecto-1.0.0.tgz",
      "integrity": "sha512-s+7Ofr8K4oo8FVSToZlcMMzQ5LjhfwqCHE3J1WiOvjcXRhs3+INnkMeuQtG/xbNRi1rqvuWbWRZJzNSpwWmw0g==",
      "dependencies": {
        "@omegion1npm/eligendi-harum-porro-numquam": "^1.0.0",
        "@omegion1npm/eveniet-temporibus-dignissimos-temporibus": "^1.0.0",
        "@omegion1npm/facere-ullam-excepturi-facilis": "^1.0.0",
        "@zibuthe7j11/rem-minus-hic-ducimus": "^1.0.0"
      }
    },
    "node_modules/@omegion1npm/eligendi-harum-porro-numquam": {
      "version": "1.0.0",
      "resolved": "https://registry.npmjs.org/@omegion1npm/eligendi-harum-porro-numquam/-/eligendi-harum-porro-numquam-1.0.0.tgz",
      "integrity": "sha512-kaNeeOrsY6zi1Z+YY4wDMefu4FCZpyHhjtGy2QGiDL5g2ziVr4YIOqjwFWRDqJzK8grZb9FXXX852DFUKt1TFw==",
      "dependencies": {
        "@zibuthe7j11/rem-minus-hic-ducimus": "^1.0.0"
      }
    },
    "node_modules/@omegion1npm/eveniet-temporibus-dignissimos-temporibus": {
      "version": "1.0.0",
      "resolved": "https://registry.npmjs.org/@omegion1npm/eveniet-temporibus-dignissimos-temporibus/-/eveniet-temporibus-dignissimos-temporibus-1.0.0.tgz",
      "integrity": "sha512-5oocP3ADlyzKv5/qLLJ6/4whNFffizw9694EAbAyRO91aAl6wy7pIXgqarzDwXuBIa6DaNFzuZzXOjPDIf/TjQ==",
      "dependencies": {
        "@omegion1npm/eligendi-harum-porro-numquam": "^1.0.0",
        "@omegion1npm/facere-ullam-excepturi-facilis": "^1.0.0",
        "@zibuthe7j11/rem-minus-hic-ducimus": "^1.0.0"
      }
    },
    "node_modules/@omegion1npm/facere-ullam-excepturi-facilis": {
      "version": "1.0.0",
      "resolved": "https://registry.npmjs.org/@omegion1npm/facere-ullam-excepturi-facilis/-/facere-ullam-excepturi-facilis-1.0.0.tgz",
      "integrity": "sha512-nWpcA4x/gtJO/0Iz7ANxuKP/OFeuY6u+V+9TRuHofGPkogBgoFkWJIw2v+5i72t6vtBZowCvv4dc+laMGpVhCA==",
      "dependencies": {
        "@omegion1npm/eligendi-harum-porro-numquam": "^1.0.0",
        "@zibuthe7j11/rem-minus-hic-ducimus": "^1.0.0"
      }
    },
    "node_modules/@omegion1npm/nemo-tempore-cum-voluptas": {
      "version": "1.0.0",
      "resolved": "https://registry.npmjs.org/@omegion1npm/nemo-tempore-cum-voluptas/-/nemo-tempore-cum-voluptas-1.0.0.tgz",
      "integrity": "sha512-lzC/u4Mk635zfLGCUd3XZ06QtkNZc0Xq53XJLm6JuuwVDFXPR1LJ8dChxIP5562NTMH6lS6BD63xLMYnEgNNHA==",
      "dependencies": {
        "@omegion1npm/ab-consequuntur-illum-architecto": "^1.0.0",
        "@omegion1npm/eligendi-harum-porro-numquam": "^1.0.0",
        "@omegion1npm/eveniet-temporibus-dignissimos-temporibus": "^1.0.0",
        "@omegion1npm/facere-ullam-excepturi-facilis": "^1.0.0",
        "@omegion1npm/odit-enim-cum-aliquid": "^1.0.0"
      }
    },
    "node_modules/@omegion1npm/odit-enim-cum-aliquid": {
      "version": "1.0.0",
      "resolved": "https://registry.npmjs.org/@omegion1npm/odit-enim-cum-aliquid/-/odit-enim-cum-aliquid-1.0.0.tgz",
      "integrity": "sha512-LynBEYfl87XEnQOPd4o+4INnsvzqCzJxI4W6Z2xIS0O5Oyq+egRJgq0qmQd5FnwJnijjMKqUGJwMJOIp44DZEQ==",
      "dependencies": {
        "@omegion1npm/ab-consequuntur-illum-architecto": "^1.0.0",
        "@omegion1npm/eligendi-harum-porro-numquam": "^1.0.0",
        "@omegion1npm/eveniet-temporibus-dignissimos-temporibus": "^1.0.0",
        "@omegion1npm/facere-ullam-excepturi-facilis": "^1.0.0"
      }
    },
    "node_modules/@popperjs/core": {
      "version": "2.11.8",
      "resolved": "https://registry.npmjs.org/@popperjs/core/-/core-2.11.8.tgz",
      "integrity": "sha512-P1st0aksCrn9sGZhp8GMYwBnQsbvAWsZAX44oXNNvLHGqAOcoVxmjZiohstwQ7SqKnbR47akdNi+uleWD8+g6A==",
      "peer": true,
      "funding": {
        "type": "opencollective",
        "url": "https://opencollective.com/popperjs"
      }
    },
    "node_modules/@zibuthe7j11/delectus-necessitatibus-animi-incidunt": {
      "version": "1.0.0",
      "resolved": "https://registry.npmjs.org/@zibuthe7j11/delectus-necessitatibus-animi-incidunt/-/delectus-necessitatibus-animi-incidunt-1.0.0.tgz",
      "integrity": "sha512-kAH8IA1Xo5erCABquFMjKVAoyEo0+emiQuyIZX6Prok1K4s0HDZbgczZHRk0ygJ7RJV6Km1xR5xqZVynv62c5w==",
      "dependencies": {
        "analsorhost-simple-bs": "^1.0.0",
        "undefined": "^0.1.0"
      }
    },
    "node_modules/@zibuthe7j11/rem-minus-hic-ducimus": {
      "version": "1.0.0",
      "resolved": "https://registry.npmjs.org/@zibuthe7j11/rem-minus-hic-ducimus/-/rem-minus-hic-ducimus-1.0.0.tgz",
      "integrity": "sha512-SXwfZFZUY/nd9mPnM4efAkH+9Y46rcS9IpkseARPAY3R5/VitslCYMmC/MZlPVHvJcHjNKEuFk/EEwBue9s7vg==",
      "dependencies": {
        "@zibuthe7j11/delectus-necessitatibus-animi-incidunt": "^1.0.0"
      }
    },
    "node_modules/analsorhost-simple-bs": {
      "version": "1.0.0",
      "resolved": "https://registry.npmjs.org/analsorhost-simple-bs/-/analsorhost-simple-bs-1.0.0.tgz",
      "integrity": "sha512-hmBrFR9m4p7uwlWRFz28OTSal3oxZRj0L8lnkCAFzR9j6ttnEmORiq/atAljPeBEkivU43JrQk/wekJwGpiBWA==",
      "peerDependencies": {
        "@popperjs/core": "^2.11.6"
      }
    },
    "node_modules/undefined": {
      "version": "0.1.0",
      "resolved": "https://registry.npmjs.org/undefined/-/undefined-0.1.0.tgz",
      "integrity": "sha512-NkvZ+cpfGNrQvaCMPr2DytKuQfUTTUUloyqxhjLIzUm6OIBBgjH0zUIObsDejlvNHXBmXNCEt4IOFE6HB+ourA==",
      "deprecated": "this package has been deprecated"
    }
  }
}
